// !$*UTF8*$!
{
	archiveVersion = 1;
	classes = {
	};
	objectVersion = 56;
	objects = {

/* Begin PBXBuildFile section */
		0E6D5F6B29BAB2F400B0AF99 /* AppDelegate.swift in Sources */ = {isa = PBXBuildFile; fileRef = 0E6D5F6A29BAB2F400B0AF99 /* AppDelegate.swift */; };
		0E6D5F6D29BAB2F400B0AF99 /* SceneDelegate.swift in Sources */ = {isa = PBXBuildFile; fileRef = 0E6D5F6C29BAB2F400B0AF99 /* SceneDelegate.swift */; };
		0E6D5F6F29BAB2F400B0AF99 /* ViewController.swift in Sources */ = {isa = PBXBuildFile; fileRef = 0E6D5F6E29BAB2F400B0AF99 /* ViewController.swift */; };
		0E6D5F7529BAB2F400B0AF99 /* CProject.xcdatamodeld in Sources */ = {isa = PBXBuildFile; fileRef = 0E6D5F7329BAB2F400B0AF99 /* CProject.xcdatamodeld */; };
		0E6D5F7729BAB2F500B0AF99 /* Assets.xcassets in Resources */ = {isa = PBXBuildFile; fileRef = 0E6D5F7629BAB2F500B0AF99 /* Assets.xcassets */; };
		0E6D5F7A29BAB2F500B0AF99 /* LaunchScreen.storyboard in Resources */ = {isa = PBXBuildFile; fileRef = 0E6D5F7829BAB2F500B0AF99 /* LaunchScreen.storyboard */; };
		0E6D5F8529BAB2F500B0AF99 /* CProjectTests.swift in Sources */ = {isa = PBXBuildFile; fileRef = 0E6D5F8429BAB2F500B0AF99 /* CProjectTests.swift */; };
		0E6D5F8F29BAB2F500B0AF99 /* CProjectUITests.swift in Sources */ = {isa = PBXBuildFile; fileRef = 0E6D5F8E29BAB2F500B0AF99 /* CProjectUITests.swift */; };
		0E6D5F9129BAB2F500B0AF99 /* CProjectUITestsLaunchTests.swift in Sources */ = {isa = PBXBuildFile; fileRef = 0E6D5F9029BAB2F500B0AF99 /* CProjectUITestsLaunchTests.swift */; };
		13B85D7E1F610F4987FE291A /* Pods_CProject_CProjectUITests.framework in Frameworks */ = {isa = PBXBuildFile; fileRef = B38C7DE59C57DCCFC81FDA30 /* Pods_CProject_CProjectUITests.framework */; };
		62F0630CCA9F46B0F0606788 /* Pods_CProject.framework in Frameworks */ = {isa = PBXBuildFile; fileRef = 7F52E488D117064FD6EA10B6 /* Pods_CProject.framework */; };
		E96A8C337BD95BEFA7FE4995 /* Pods_CProjectTests.framework in Frameworks */ = {isa = PBXBuildFile; fileRef = 4D363CD4105321DE16FE9247 /* Pods_CProjectTests.framework */; };
/* End PBXBuildFile section */

/* Begin PBXContainerItemProxy section */
		0E6D5F8129BAB2F500B0AF99 /* PBXContainerItemProxy */ = {
			isa = PBXContainerItemProxy;
			containerPortal = 0E6D5F5F29BAB2F400B0AF99 /* Project object */;
			proxyType = 1;
			remoteGlobalIDString = 0E6D5F6629BAB2F400B0AF99;
			remoteInfo = CProject;
		};
		0E6D5F8B29BAB2F500B0AF99 /* PBXContainerItemProxy */ = {
			isa = PBXContainerItemProxy;
			containerPortal = 0E6D5F5F29BAB2F400B0AF99 /* Project object */;
			proxyType = 1;
			remoteGlobalIDString = 0E6D5F6629BAB2F400B0AF99;
			remoteInfo = CProject;
		};
/* End PBXContainerItemProxy section */

/* Begin PBXFileReference section */
		0E6D5F6729BAB2F400B0AF99 /* CProject.app */ = {isa = PBXFileReference; explicitFileType = wrapper.application; includeInIndex = 0; path = CProject.app; sourceTree = BUILT_PRODUCTS_DIR; };
		0E6D5F6A29BAB2F400B0AF99 /* AppDelegate.swift */ = {isa = PBXFileReference; lastKnownFileType = sourcecode.swift; path = AppDelegate.swift; sourceTree = "<group>"; };
		0E6D5F6C29BAB2F400B0AF99 /* SceneDelegate.swift */ = {isa = PBXFileReference; lastKnownFileType = sourcecode.swift; path = SceneDelegate.swift; sourceTree = "<group>"; };
		0E6D5F6E29BAB2F400B0AF99 /* ViewController.swift */ = {isa = PBXFileReference; lastKnownFileType = sourcecode.swift; path = ViewController.swift; sourceTree = "<group>"; };
		0E6D5F7429BAB2F400B0AF99 /* CProject.xcdatamodel */ = {isa = PBXFileReference; lastKnownFileType = wrapper.xcdatamodel; path = CProject.xcdatamodel; sourceTree = "<group>"; };
		0E6D5F7629BAB2F500B0AF99 /* Assets.xcassets */ = {isa = PBXFileReference; lastKnownFileType = folder.assetcatalog; path = Assets.xcassets; sourceTree = "<group>"; };
		0E6D5F7929BAB2F500B0AF99 /* Base */ = {isa = PBXFileReference; lastKnownFileType = file.storyboard; name = Base; path = Base.lproj/LaunchScreen.storyboard; sourceTree = "<group>"; };
		0E6D5F7B29BAB2F500B0AF99 /* Info.plist */ = {isa = PBXFileReference; lastKnownFileType = text.plist.xml; path = Info.plist; sourceTree = "<group>"; };
		0E6D5F8029BAB2F500B0AF99 /* CProjectTests.xctest */ = {isa = PBXFileReference; explicitFileType = wrapper.cfbundle; includeInIndex = 0; path = CProjectTests.xctest; sourceTree = BUILT_PRODUCTS_DIR; };
		0E6D5F8429BAB2F500B0AF99 /* CProjectTests.swift */ = {isa = PBXFileReference; lastKnownFileType = sourcecode.swift; path = CProjectTests.swift; sourceTree = "<group>"; };
		0E6D5F8A29BAB2F500B0AF99 /* CProjectUITests.xctest */ = {isa = PBXFileReference; explicitFileType = wrapper.cfbundle; includeInIndex = 0; path = CProjectUITests.xctest; sourceTree = BUILT_PRODUCTS_DIR; };
		0E6D5F8E29BAB2F500B0AF99 /* CProjectUITests.swift */ = {isa = PBXFileReference; lastKnownFileType = sourcecode.swift; path = CProjectUITests.swift; sourceTree = "<group>"; };
		0E6D5F9029BAB2F500B0AF99 /* CProjectUITestsLaunchTests.swift */ = {isa = PBXFileReference; lastKnownFileType = sourcecode.swift; path = CProjectUITestsLaunchTests.swift; sourceTree = "<group>"; };
		131EB64AA60303C252C6EBED /* Pods-CProject-CProjectUITests.release.xcconfig */ = {isa = PBXFileReference; includeInIndex = 1; lastKnownFileType = text.xcconfig; name = "Pods-CProject-CProjectUITests.release.xcconfig"; path = "Target Support Files/Pods-CProject-CProjectUITests/Pods-CProject-CProjectUITests.release.xcconfig"; sourceTree = "<group>"; };
		4D363CD4105321DE16FE9247 /* Pods_CProjectTests.framework */ = {isa = PBXFileReference; explicitFileType = wrapper.framework; includeInIndex = 0; path = Pods_CProjectTests.framework; sourceTree = BUILT_PRODUCTS_DIR; };
		7F52E488D117064FD6EA10B6 /* Pods_CProject.framework */ = {isa = PBXFileReference; explicitFileType = wrapper.framework; includeInIndex = 0; path = Pods_CProject.framework; sourceTree = BUILT_PRODUCTS_DIR; };
		94512FD4E6D4BFE554E0BF28 /* Pods-CProject.debug.xcconfig */ = {isa = PBXFileReference; includeInIndex = 1; lastKnownFileType = text.xcconfig; name = "Pods-CProject.debug.xcconfig"; path = "Target Support Files/Pods-CProject/Pods-CProject.debug.xcconfig"; sourceTree = "<group>"; };
		956CC8BCCE14141219DA16B2 /* Pods-CProjectTests.release.xcconfig */ = {isa = PBXFileReference; includeInIndex = 1; lastKnownFileType = text.xcconfig; name = "Pods-CProjectTests.release.xcconfig"; path = "Target Support Files/Pods-CProjectTests/Pods-CProjectTests.release.xcconfig"; sourceTree = "<group>"; };
		B38C7DE59C57DCCFC81FDA30 /* Pods_CProject_CProjectUITests.framework */ = {isa = PBXFileReference; explicitFileType = wrapper.framework; includeInIndex = 0; path = Pods_CProject_CProjectUITests.framework; sourceTree = BUILT_PRODUCTS_DIR; };
		C4A1783F9E704952AD3EE036 /* Pods-CProject.release.xcconfig */ = {isa = PBXFileReference; includeInIndex = 1; lastKnownFileType = text.xcconfig; name = "Pods-CProject.release.xcconfig"; path = "Target Support Files/Pods-CProject/Pods-CProject.release.xcconfig"; sourceTree = "<group>"; };
		C4C3341A4B39E2E69AF362F1 /* Pods-CProject-CProjectUITests.debug.xcconfig */ = {isa = PBXFileReference; includeInIndex = 1; lastKnownFileType = text.xcconfig; name = "Pods-CProject-CProjectUITests.debug.xcconfig"; path = "Target Support Files/Pods-CProject-CProjectUITests/Pods-CProject-CProjectUITests.debug.xcconfig"; sourceTree = "<group>"; };
		C50C5246BE130B42EE47640A /* Pods-CProjectTests.debug.xcconfig */ = {isa = PBXFileReference; includeInIndex = 1; lastKnownFileType = text.xcconfig; name = "Pods-CProjectTests.debug.xcconfig"; path = "Target Support Files/Pods-CProjectTests/Pods-CProjectTests.debug.xcconfig"; sourceTree = "<group>"; };
/* End PBXFileReference section */

/* Begin PBXFrameworksBuildPhase section */
		0E6D5F6429BAB2F400B0AF99 /* Frameworks */ = {
			isa = PBXFrameworksBuildPhase;
			buildActionMask = 2147483647;
			files = (
				62F0630CCA9F46B0F0606788 /* Pods_CProject.framework in Frameworks */,
			);
			runOnlyForDeploymentPostprocessing = 0;
		};
		0E6D5F7D29BAB2F500B0AF99 /* Frameworks */ = {
			isa = PBXFrameworksBuildPhase;
			buildActionMask = 2147483647;
			files = (
				E96A8C337BD95BEFA7FE4995 /* Pods_CProjectTests.framework in Frameworks */,
			);
			runOnlyForDeploymentPostprocessing = 0;
		};
		0E6D5F8729BAB2F500B0AF99 /* Frameworks */ = {
			isa = PBXFrameworksBuildPhase;
			buildActionMask = 2147483647;
			files = (
				13B85D7E1F610F4987FE291A /* Pods_CProject_CProjectUITests.framework in Frameworks */,
			);
			runOnlyForDeploymentPostprocessing = 0;
		};
/* End PBXFrameworksBuildPhase section */

/* Begin PBXGroup section */
		0E6D5F5E29BAB2F400B0AF99 = {
			isa = PBXGroup;
			children = (
				0E6D5F6929BAB2F400B0AF99 /* CProject */,
				0E6D5F8329BAB2F500B0AF99 /* CProjectTests */,
				0E6D5F8D29BAB2F500B0AF99 /* CProjectUITests */,
				0E6D5F6829BAB2F400B0AF99 /* Products */,
				88CBD65248C4BB33E2A80ED4 /* Pods */,
				80DE7D352A07EBEAF6F0A033 /* Frameworks */,
			);
			sourceTree = "<group>";
		};
		0E6D5F6829BAB2F400B0AF99 /* Products */ = {
			isa = PBXGroup;
			children = (
				0E6D5F6729BAB2F400B0AF99 /* CProject.app */,
				0E6D5F8029BAB2F500B0AF99 /* CProjectTests.xctest */,
				0E6D5F8A29BAB2F500B0AF99 /* CProjectUITests.xctest */,
			);
			name = Products;
			sourceTree = "<group>";
		};
		0E6D5F6929BAB2F400B0AF99 /* CProject */ = {
			isa = PBXGroup;
			children = (
				0E6D5F9D29BAB3C400B0AF99 /* Resource */,
				0E6D5FA229BAB51F00B0AF99 /* Source */,
			);
			path = CProject;
			sourceTree = "<group>";
		};
		0E6D5F8329BAB2F500B0AF99 /* CProjectTests */ = {
			isa = PBXGroup;
			children = (
				0E6D5F8429BAB2F500B0AF99 /* CProjectTests.swift */,
			);
			path = CProjectTests;
			sourceTree = "<group>";
		};
		0E6D5F8D29BAB2F500B0AF99 /* CProjectUITests */ = {
			isa = PBXGroup;
			children = (
				0E6D5F8E29BAB2F500B0AF99 /* CProjectUITests.swift */,
				0E6D5F9029BAB2F500B0AF99 /* CProjectUITestsLaunchTests.swift */,
			);
			path = CProjectUITests;
			sourceTree = "<group>";
		};
		0E6D5F9D29BAB3C400B0AF99 /* Resource */ = {
			isa = PBXGroup;
			children = (
				0E6D5F9F29BAB45400B0AF99 /* Suppoting Files */,
				0E6D5F9E29BAB3D000B0AF99 /* Storyboard */,
			);
			path = Resource;
			sourceTree = "<group>";
		};
		0E6D5F9E29BAB3D000B0AF99 /* Storyboard */ = {
			isa = PBXGroup;
			children = (
				0E6D5F7829BAB2F500B0AF99 /* LaunchScreen.storyboard */,
			);
			path = Storyboard;
			sourceTree = "<group>";
		};
		0E6D5F9F29BAB45400B0AF99 /* Suppoting Files */ = {
			isa = PBXGroup;
			children = (
				0E6D5F6A29BAB2F400B0AF99 /* AppDelegate.swift */,
				0E6D5F6C29BAB2F400B0AF99 /* SceneDelegate.swift */,
				0E6D5F7629BAB2F500B0AF99 /* Assets.xcassets */,
				0E6D5F7329BAB2F400B0AF99 /* CProject.xcdatamodeld */,
				0E6D5F7B29BAB2F500B0AF99 /* Info.plist */,
			);
			path = "Suppoting Files";
			sourceTree = "<group>";
		};
		0E6D5FA229BAB51F00B0AF99 /* Source */ = {
			isa = PBXGroup;
			children = (
				0E6D5FA629BAB55800B0AF99 /* Networking */,
				0E6D5FA529BAB54400B0AF99 /* Base */,
				0E6D5FA429BAB53700B0AF99 /* ViewController */,
				0E6D5FA329BAB52E00B0AF99 /* Extensions */,
			);
			path = Source;
			sourceTree = "<group>";
		};
		0E6D5FA329BAB52E00B0AF99 /* Extensions */ = {
			isa = PBXGroup;
			children = (
			);
			path = Extensions;
			sourceTree = "<group>";
		};
		0E6D5FA429BAB53700B0AF99 /* ViewController */ = {
			isa = PBXGroup;
			children = (
				0E6D5F6E29BAB2F400B0AF99 /* ViewController.swift */,
			);
			path = ViewController;
			sourceTree = "<group>";
		};
		0E6D5FA529BAB54400B0AF99 /* Base */ = {
			isa = PBXGroup;
			children = (
			);
			path = Base;
			sourceTree = "<group>";
		};
		0E6D5FA629BAB55800B0AF99 /* Networking */ = {
			isa = PBXGroup;
			children = (
			);
			path = Networking;
			sourceTree = "<group>";
		};
		80DE7D352A07EBEAF6F0A033 /* Frameworks */ = {
			isa = PBXGroup;
			children = (
				7F52E488D117064FD6EA10B6 /* Pods_CProject.framework */,
				B38C7DE59C57DCCFC81FDA30 /* Pods_CProject_CProjectUITests.framework */,
				4D363CD4105321DE16FE9247 /* Pods_CProjectTests.framework */,
			);
			name = Frameworks;
			sourceTree = "<group>";
		};
		88CBD65248C4BB33E2A80ED4 /* Pods */ = {
			isa = PBXGroup;
			children = (
				94512FD4E6D4BFE554E0BF28 /* Pods-CProject.debug.xcconfig */,
				C4A1783F9E704952AD3EE036 /* Pods-CProject.release.xcconfig */,
				C4C3341A4B39E2E69AF362F1 /* Pods-CProject-CProjectUITests.debug.xcconfig */,
				131EB64AA60303C252C6EBED /* Pods-CProject-CProjectUITests.release.xcconfig */,
				C50C5246BE130B42EE47640A /* Pods-CProjectTests.debug.xcconfig */,
				956CC8BCCE14141219DA16B2 /* Pods-CProjectTests.release.xcconfig */,
			);
			path = Pods;
			sourceTree = "<group>";
		};
/* End PBXGroup section */

/* Begin PBXNativeTarget section */
		0E6D5F6629BAB2F400B0AF99 /* CProject */ = {
			isa = PBXNativeTarget;
			buildConfigurationList = 0E6D5F9429BAB2F500B0AF99 /* Build configuration list for PBXNativeTarget "CProject" */;
			buildPhases = (
				FD73C39B3B63B5F35A613F27 /* [CP] Check Pods Manifest.lock */,
				0E6D5F6329BAB2F400B0AF99 /* Sources */,
				0E6D5F6429BAB2F400B0AF99 /* Frameworks */,
				0E6D5F6529BAB2F400B0AF99 /* Resources */,
				9E5BFB025A0C0A4119E73520 /* [CP] Embed Pods Frameworks */,
			);
			buildRules = (
			);
			dependencies = (
			);
			name = CProject;
			productName = CProject;
			productReference = 0E6D5F6729BAB2F400B0AF99 /* CProject.app */;
			productType = "com.apple.product-type.application";
		};
		0E6D5F7F29BAB2F500B0AF99 /* CProjectTests */ = {
			isa = PBXNativeTarget;
			buildConfigurationList = 0E6D5F9729BAB2F500B0AF99 /* Build configuration list for PBXNativeTarget "CProjectTests" */;
			buildPhases = (
				5ED486E31A2A70B8BE42D0D6 /* [CP] Check Pods Manifest.lock */,
				0E6D5F7C29BAB2F500B0AF99 /* Sources */,
				0E6D5F7D29BAB2F500B0AF99 /* Frameworks */,
				0E6D5F7E29BAB2F500B0AF99 /* Resources */,
			);
			buildRules = (
			);
			dependencies = (
				0E6D5F8229BAB2F500B0AF99 /* PBXTargetDependency */,
			);
			name = CProjectTests;
			productName = CProjectTests;
			productReference = 0E6D5F8029BAB2F500B0AF99 /* CProjectTests.xctest */;
			productType = "com.apple.product-type.bundle.unit-test";
		};
		0E6D5F8929BAB2F500B0AF99 /* CProjectUITests */ = {
			isa = PBXNativeTarget;
			buildConfigurationList = 0E6D5F9A29BAB2F500B0AF99 /* Build configuration list for PBXNativeTarget "CProjectUITests" */;
			buildPhases = (
				6BFCDC89D3B5F623645381FA /* [CP] Check Pods Manifest.lock */,
				0E6D5F8629BAB2F500B0AF99 /* Sources */,
				0E6D5F8729BAB2F500B0AF99 /* Frameworks */,
				0E6D5F8829BAB2F500B0AF99 /* Resources */,
				43A81965875A0A868540A5BC /* [CP] Embed Pods Frameworks */,
			);
			buildRules = (
			);
			dependencies = (
				0E6D5F8C29BAB2F500B0AF99 /* PBXTargetDependency */,
			);
			name = CProjectUITests;
			productName = CProjectUITests;
			productReference = 0E6D5F8A29BAB2F500B0AF99 /* CProjectUITests.xctest */;
			productType = "com.apple.product-type.bundle.ui-testing";
		};
/* End PBXNativeTarget section */

/* Begin PBXProject section */
		0E6D5F5F29BAB2F400B0AF99 /* Project object */ = {
			isa = PBXProject;
			attributes = {
				BuildIndependentTargetsInParallel = 1;
				LastSwiftUpdateCheck = 1420;
				LastUpgradeCheck = 1420;
				TargetAttributes = {
					0E6D5F6629BAB2F400B0AF99 = {
						CreatedOnToolsVersion = 14.2;
					};
					0E6D5F7F29BAB2F500B0AF99 = {
						CreatedOnToolsVersion = 14.2;
						TestTargetID = 0E6D5F6629BAB2F400B0AF99;
					};
					0E6D5F8929BAB2F500B0AF99 = {
						CreatedOnToolsVersion = 14.2;
						TestTargetID = 0E6D5F6629BAB2F400B0AF99;
					};
				};
			};
			buildConfigurationList = 0E6D5F6229BAB2F400B0AF99 /* Build configuration list for PBXProject "CProject" */;
			compatibilityVersion = "Xcode 14.0";
			developmentRegion = en;
			hasScannedForEncodings = 0;
			knownRegions = (
				en,
				Base,
			);
			mainGroup = 0E6D5F5E29BAB2F400B0AF99;
			productRefGroup = 0E6D5F6829BAB2F400B0AF99 /* Products */;
			projectDirPath = "";
			projectRoot = "";
			targets = (
				0E6D5F6629BAB2F400B0AF99 /* CProject */,
				0E6D5F7F29BAB2F500B0AF99 /* CProjectTests */,
				0E6D5F8929BAB2F500B0AF99 /* CProjectUITests */,
			);
		};
/* End PBXProject section */

/* Begin PBXResourcesBuildPhase section */
		0E6D5F6529BAB2F400B0AF99 /* Resources */ = {
			isa = PBXResourcesBuildPhase;
			buildActionMask = 2147483647;
			files = (
				0E6D5F7A29BAB2F500B0AF99 /* LaunchScreen.storyboard in Resources */,
				0E6D5F7729BAB2F500B0AF99 /* Assets.xcassets in Resources */,
			);
			runOnlyForDeploymentPostprocessing = 0;
		};
		0E6D5F7E29BAB2F500B0AF99 /* Resources */ = {
			isa = PBXResourcesBuildPhase;
			buildActionMask = 2147483647;
			files = (
			);
			runOnlyForDeploymentPostprocessing = 0;
		};
		0E6D5F8829BAB2F500B0AF99 /* Resources */ = {
			isa = PBXResourcesBuildPhase;
			buildActionMask = 2147483647;
			files = (
			);
			runOnlyForDeploymentPostprocessing = 0;
		};
/* End PBXResourcesBuildPhase section */

/* Begin PBXShellScriptBuildPhase section */
		43A81965875A0A868540A5BC /* [CP] Embed Pods Frameworks */ = {
			isa = PBXShellScriptBuildPhase;
			buildActionMask = 2147483647;
			files = (
			);
			inputFileListPaths = (
				"${PODS_ROOT}/Target Support Files/Pods-CProject-CProjectUITests/Pods-CProject-CProjectUITests-frameworks-${CONFIGURATION}-input-files.xcfilelist",
			);
			name = "[CP] Embed Pods Frameworks";
			outputFileListPaths = (
				"${PODS_ROOT}/Target Support Files/Pods-CProject-CProjectUITests/Pods-CProject-CProjectUITests-frameworks-${CONFIGURATION}-output-files.xcfilelist",
			);
			runOnlyForDeploymentPostprocessing = 0;
			shellPath = /bin/sh;
			shellScript = "\"${PODS_ROOT}/Target Support Files/Pods-CProject-CProjectUITests/Pods-CProject-CProjectUITests-frameworks.sh\"\n";
			showEnvVarsInLog = 0;
		};
		5ED486E31A2A70B8BE42D0D6 /* [CP] Check Pods Manifest.lock */ = {
			isa = PBXShellScriptBuildPhase;
			buildActionMask = 2147483647;
			files = (
			);
			inputFileListPaths = (
			);
			inputPaths = (
				"${PODS_PODFILE_DIR_PATH}/Podfile.lock",
				"${PODS_ROOT}/Manifest.lock",
			);
			name = "[CP] Check Pods Manifest.lock";
			outputFileListPaths = (
			);
			outputPaths = (
				"$(DERIVED_FILE_DIR)/Pods-CProjectTests-checkManifestLockResult.txt",
			);
			runOnlyForDeploymentPostprocessing = 0;
			shellPath = /bin/sh;
			shellScript = "diff \"${PODS_PODFILE_DIR_PATH}/Podfile.lock\" \"${PODS_ROOT}/Manifest.lock\" > /dev/null\nif [ $? != 0 ] ; then\n    # print error to STDERR\n    echo \"error: The sandbox is not in sync with the Podfile.lock. Run 'pod install' or update your CocoaPods installation.\" >&2\n    exit 1\nfi\n# This output is used by Xcode 'outputs' to avoid re-running this script phase.\necho \"SUCCESS\" > \"${SCRIPT_OUTPUT_FILE_0}\"\n";
			showEnvVarsInLog = 0;
		};
		6BFCDC89D3B5F623645381FA /* [CP] Check Pods Manifest.lock */ = {
			isa = PBXShellScriptBuildPhase;
			buildActionMask = 2147483647;
			files = (
			);
			inputFileListPaths = (
			);
			inputPaths = (
				"${PODS_PODFILE_DIR_PATH}/Podfile.lock",
				"${PODS_ROOT}/Manifest.lock",
			);
			name = "[CP] Check Pods Manifest.lock";
			outputFileListPaths = (
			);
			outputPaths = (
				"$(DERIVED_FILE_DIR)/Pods-CProject-CProjectUITests-checkManifestLockResult.txt",
			);
			runOnlyForDeploymentPostprocessing = 0;
			shellPath = /bin/sh;
			shellScript = "diff \"${PODS_PODFILE_DIR_PATH}/Podfile.lock\" \"${PODS_ROOT}/Manifest.lock\" > /dev/null\nif [ $? != 0 ] ; then\n    # print error to STDERR\n    echo \"error: The sandbox is not in sync with the Podfile.lock. Run 'pod install' or update your CocoaPods installation.\" >&2\n    exit 1\nfi\n# This output is used by Xcode 'outputs' to avoid re-running this script phase.\necho \"SUCCESS\" > \"${SCRIPT_OUTPUT_FILE_0}\"\n";
			showEnvVarsInLog = 0;
		};
		9E5BFB025A0C0A4119E73520 /* [CP] Embed Pods Frameworks */ = {
			isa = PBXShellScriptBuildPhase;
			buildActionMask = 2147483647;
			files = (
			);
			inputFileListPaths = (
				"${PODS_ROOT}/Target Support Files/Pods-CProject/Pods-CProject-frameworks-${CONFIGURATION}-input-files.xcfilelist",
			);
			name = "[CP] Embed Pods Frameworks";
			outputFileListPaths = (
				"${PODS_ROOT}/Target Support Files/Pods-CProject/Pods-CProject-frameworks-${CONFIGURATION}-output-files.xcfilelist",
			);
			runOnlyForDeploymentPostprocessing = 0;
			shellPath = /bin/sh;
			shellScript = "\"${PODS_ROOT}/Target Support Files/Pods-CProject/Pods-CProject-frameworks.sh\"\n";
			showEnvVarsInLog = 0;
		};
		FD73C39B3B63B5F35A613F27 /* [CP] Check Pods Manifest.lock */ = {
			isa = PBXShellScriptBuildPhase;
			buildActionMask = 2147483647;
			files = (
			);
			inputFileListPaths = (
			);
			inputPaths = (
				"${PODS_PODFILE_DIR_PATH}/Podfile.lock",
				"${PODS_ROOT}/Manifest.lock",
			);
			name = "[CP] Check Pods Manifest.lock";
			outputFileListPaths = (
			);
			outputPaths = (
				"$(DERIVED_FILE_DIR)/Pods-CProject-checkManifestLockResult.txt",
			);
			runOnlyForDeploymentPostprocessing = 0;
			shellPath = /bin/sh;
			shellScript = "diff \"${PODS_PODFILE_DIR_PATH}/Podfile.lock\" \"${PODS_ROOT}/Manifest.lock\" > /dev/null\nif [ $? != 0 ] ; then\n    # print error to STDERR\n    echo \"error: The sandbox is not in sync with the Podfile.lock. Run 'pod install' or update your CocoaPods installation.\" >&2\n    exit 1\nfi\n# This output is used by Xcode 'outputs' to avoid re-running this script phase.\necho \"SUCCESS\" > \"${SCRIPT_OUTPUT_FILE_0}\"\n";
			showEnvVarsInLog = 0;
		};
/* End PBXShellScriptBuildPhase section */

/* Begin PBXSourcesBuildPhase section */
		0E6D5F6329BAB2F400B0AF99 /* Sources */ = {
			isa = PBXSourcesBuildPhase;
			buildActionMask = 2147483647;
			files = (
				0E6D5F6F29BAB2F400B0AF99 /* ViewController.swift in Sources */,
				0E6D5F6B29BAB2F400B0AF99 /* AppDelegate.swift in Sources */,
				0E6D5F6D29BAB2F400B0AF99 /* SceneDelegate.swift in Sources */,
				0E6D5F7529BAB2F400B0AF99 /* CProject.xcdatamodeld in Sources */,
			);
			runOnlyForDeploymentPostprocessing = 0;
		};
		0E6D5F7C29BAB2F500B0AF99 /* Sources */ = {
			isa = PBXSourcesBuildPhase;
			buildActionMask = 2147483647;
			files = (
				0E6D5F8529BAB2F500B0AF99 /* CProjectTests.swift in Sources */,
			);
			runOnlyForDeploymentPostprocessing = 0;
		};
		0E6D5F8629BAB2F500B0AF99 /* Sources */ = {
			isa = PBXSourcesBuildPhase;
			buildActionMask = 2147483647;
			files = (
				0E6D5F9129BAB2F500B0AF99 /* CProjectUITestsLaunchTests.swift in Sources */,
				0E6D5F8F29BAB2F500B0AF99 /* CProjectUITests.swift in Sources */,
			);
			runOnlyForDeploymentPostprocessing = 0;
		};
/* End PBXSourcesBuildPhase section */

/* Begin PBXTargetDependency section */
		0E6D5F8229BAB2F500B0AF99 /* PBXTargetDependency */ = {
			isa = PBXTargetDependency;
			target = 0E6D5F6629BAB2F400B0AF99 /* CProject */;
			targetProxy = 0E6D5F8129BAB2F500B0AF99 /* PBXContainerItemProxy */;
		};
		0E6D5F8C29BAB2F500B0AF99 /* PBXTargetDependency */ = {
			isa = PBXTargetDependency;
			target = 0E6D5F6629BAB2F400B0AF99 /* CProject */;
			targetProxy = 0E6D5F8B29BAB2F500B0AF99 /* PBXContainerItemProxy */;
		};
/* End PBXTargetDependency section */

/* Begin PBXVariantGroup section */
		0E6D5F7829BAB2F500B0AF99 /* LaunchScreen.storyboard */ = {
			isa = PBXVariantGroup;
			children = (
				0E6D5F7929BAB2F500B0AF99 /* Base */,
			);
			name = LaunchScreen.storyboard;
			sourceTree = "<group>";
		};
/* End PBXVariantGroup section */

/* Begin XCBuildConfiguration section */
		0E6D5F9229BAB2F500B0AF99 /* Debug */ = {
			isa = XCBuildConfiguration;
			buildSettings = {
				ALWAYS_SEARCH_USER_PATHS = NO;
				CLANG_ANALYZER_NONNULL = YES;
				CLANG_ANALYZER_NUMBER_OBJECT_CONVERSION = YES_AGGRESSIVE;
				CLANG_CXX_LANGUAGE_STANDARD = "gnu++20";
				CLANG_ENABLE_MODULES = YES;
				CLANG_ENABLE_OBJC_ARC = YES;
				CLANG_ENABLE_OBJC_WEAK = YES;
				CLANG_WARN_BLOCK_CAPTURE_AUTORELEASING = YES;
				CLANG_WARN_BOOL_CONVERSION = YES;
				CLANG_WARN_COMMA = YES;
				CLANG_WARN_CONSTANT_CONVERSION = YES;
				CLANG_WARN_DEPRECATED_OBJC_IMPLEMENTATIONS = YES;
				CLANG_WARN_DIRECT_OBJC_ISA_USAGE = YES_ERROR;
				CLANG_WARN_DOCUMENTATION_COMMENTS = YES;
				CLANG_WARN_EMPTY_BODY = YES;
				CLANG_WARN_ENUM_CONVERSION = YES;
				CLANG_WARN_INFINITE_RECURSION = YES;
				CLANG_WARN_INT_CONVERSION = YES;
				CLANG_WARN_NON_LITERAL_NULL_CONVERSION = YES;
				CLANG_WARN_OBJC_IMPLICIT_RETAIN_SELF = YES;
				CLANG_WARN_OBJC_LITERAL_CONVERSION = YES;
				CLANG_WARN_OBJC_ROOT_CLASS = YES_ERROR;
				CLANG_WARN_QUOTED_INCLUDE_IN_FRAMEWORK_HEADER = YES;
				CLANG_WARN_RANGE_LOOP_ANALYSIS = YES;
				CLANG_WARN_STRICT_PROTOTYPES = YES;
				CLANG_WARN_SUSPICIOUS_MOVE = YES;
				CLANG_WARN_UNGUARDED_AVAILABILITY = YES_AGGRESSIVE;
				CLANG_WARN_UNREACHABLE_CODE = YES;
				CLANG_WARN__DUPLICATE_METHOD_MATCH = YES;
				COPY_PHASE_STRIP = NO;
				DEBUG_INFORMATION_FORMAT = dwarf;
				ENABLE_STRICT_OBJC_MSGSEND = YES;
				ENABLE_TESTABILITY = YES;
				GCC_C_LANGUAGE_STANDARD = gnu11;
				GCC_DYNAMIC_NO_PIC = NO;
				GCC_NO_COMMON_BLOCKS = YES;
				GCC_OPTIMIZATION_LEVEL = 0;
				GCC_PREPROCESSOR_DEFINITIONS = (
					"DEBUG=1",
					"$(inherited)",
				);
				GCC_WARN_64_TO_32_BIT_CONVERSION = YES;
				GCC_WARN_ABOUT_RETURN_TYPE = YES_ERROR;
				GCC_WARN_UNDECLARED_SELECTOR = YES;
				GCC_WARN_UNINITIALIZED_AUTOS = YES_AGGRESSIVE;
				GCC_WARN_UNUSED_FUNCTION = YES;
				GCC_WARN_UNUSED_VARIABLE = YES;
				IPHONEOS_DEPLOYMENT_TARGET = 16.2;
				MTL_ENABLE_DEBUG_INFO = INCLUDE_SOURCE;
				MTL_FAST_MATH = YES;
				ONLY_ACTIVE_ARCH = YES;
				SDKROOT = iphoneos;
				SWIFT_ACTIVE_COMPILATION_CONDITIONS = DEBUG;
				SWIFT_OPTIMIZATION_LEVEL = "-Onone";
			};
			name = Debug;
		};
		0E6D5F9329BAB2F500B0AF99 /* Release */ = {
			isa = XCBuildConfiguration;
			buildSettings = {
				ALWAYS_SEARCH_USER_PATHS = NO;
				CLANG_ANALYZER_NONNULL = YES;
				CLANG_ANALYZER_NUMBER_OBJECT_CONVERSION = YES_AGGRESSIVE;
				CLANG_CXX_LANGUAGE_STANDARD = "gnu++20";
				CLANG_ENABLE_MODULES = YES;
				CLANG_ENABLE_OBJC_ARC = YES;
				CLANG_ENABLE_OBJC_WEAK = YES;
				CLANG_WARN_BLOCK_CAPTURE_AUTORELEASING = YES;
				CLANG_WARN_BOOL_CONVERSION = YES;
				CLANG_WARN_COMMA = YES;
				CLANG_WARN_CONSTANT_CONVERSION = YES;
				CLANG_WARN_DEPRECATED_OBJC_IMPLEMENTATIONS = YES;
				CLANG_WARN_DIRECT_OBJC_ISA_USAGE = YES_ERROR;
				CLANG_WARN_DOCUMENTATION_COMMENTS = YES;
				CLANG_WARN_EMPTY_BODY = YES;
				CLANG_WARN_ENUM_CONVERSION = YES;
				CLANG_WARN_INFINITE_RECURSION = YES;
				CLANG_WARN_INT_CONVERSION = YES;
				CLANG_WARN_NON_LITERAL_NULL_CONVERSION = YES;
				CLANG_WARN_OBJC_IMPLICIT_RETAIN_SELF = YES;
				CLANG_WARN_OBJC_LITERAL_CONVERSION = YES;
				CLANG_WARN_OBJC_ROOT_CLASS = YES_ERROR;
				CLANG_WARN_QUOTED_INCLUDE_IN_FRAMEWORK_HEADER = YES;
				CLANG_WARN_RANGE_LOOP_ANALYSIS = YES;
				CLANG_WARN_STRICT_PROTOTYPES = YES;
				CLANG_WARN_SUSPICIOUS_MOVE = YES;
				CLANG_WARN_UNGUARDED_AVAILABILITY = YES_AGGRESSIVE;
				CLANG_WARN_UNREACHABLE_CODE = YES;
				CLANG_WARN__DUPLICATE_METHOD_MATCH = YES;
				COPY_PHASE_STRIP = NO;
				DEBUG_INFORMATION_FORMAT = "dwarf-with-dsym";
				ENABLE_NS_ASSERTIONS = NO;
				ENABLE_STRICT_OBJC_MSGSEND = YES;
				GCC_C_LANGUAGE_STANDARD = gnu11;
				GCC_NO_COMMON_BLOCKS = YES;
				GCC_WARN_64_TO_32_BIT_CONVERSION = YES;
				GCC_WARN_ABOUT_RETURN_TYPE = YES_ERROR;
				GCC_WARN_UNDECLARED_SELECTOR = YES;
				GCC_WARN_UNINITIALIZED_AUTOS = YES_AGGRESSIVE;
				GCC_WARN_UNUSED_FUNCTION = YES;
				GCC_WARN_UNUSED_VARIABLE = YES;
				IPHONEOS_DEPLOYMENT_TARGET = 16.2;
				MTL_ENABLE_DEBUG_INFO = NO;
				MTL_FAST_MATH = YES;
				SDKROOT = iphoneos;
				SWIFT_COMPILATION_MODE = wholemodule;
				SWIFT_OPTIMIZATION_LEVEL = "-O";
				VALIDATE_PRODUCT = YES;
			};
			name = Release;
		};
		0E6D5F9529BAB2F500B0AF99 /* Debug */ = {
			isa = XCBuildConfiguration;
			baseConfigurationReference = 94512FD4E6D4BFE554E0BF28 /* Pods-CProject.debug.xcconfig */;
			buildSettings = {
				ASSETCATALOG_COMPILER_APPICON_NAME = AppIcon;
				ASSETCATALOG_COMPILER_GLOBAL_ACCENT_COLOR_NAME = AccentColor;
				CODE_SIGN_STYLE = Automatic;
				CURRENT_PROJECT_VERSION = 1;
				DEVELOPMENT_TEAM = 92YDTRVDUA;
				GENERATE_INFOPLIST_FILE = YES;
				INFOPLIST_FILE = "/Users/junha/Desktop/GProject/CProject/CProject/Resource/Suppoting Files/Info.plist";
				INFOPLIST_KEY_UIApplicationSupportsIndirectInputEvents = YES;
				INFOPLIST_KEY_UILaunchStoryboardName = LaunchScreen;
				INFOPLIST_KEY_UIMainStoryboardFile = "";
				INFOPLIST_KEY_UISupportedInterfaceOrientations_iPad = "UIInterfaceOrientationPortrait UIInterfaceOrientationPortraitUpsideDown UIInterfaceOrientationLandscapeLeft UIInterfaceOrientationLandscapeRight";
				INFOPLIST_KEY_UISupportedInterfaceOrientations_iPhone = "UIInterfaceOrientationPortrait UIInterfaceOrientationLandscapeLeft UIInterfaceOrientationLandscapeRight";
				LD_RUNPATH_SEARCH_PATHS = (
					"$(inherited)",
					"@executable_path/Frameworks",
				);
				MARKETING_VERSION = 1.0;
				PRODUCT_BUNDLE_IDENTIFIER = com.CProject;
				PRODUCT_NAME = "$(TARGET_NAME)";
				SWIFT_EMIT_LOC_STRINGS = YES;
				SWIFT_VERSION = 5.0;
				TARGETED_DEVICE_FAMILY = "1,2";
			};
			name = Debug;
		};
		0E6D5F9629BAB2F500B0AF99 /* Release */ = {
			isa = XCBuildConfiguration;
			baseConfigurationReference = C4A1783F9E704952AD3EE036 /* Pods-CProject.release.xcconfig */;
			buildSettings = {
				ASSETCATALOG_COMPILER_APPICON_NAME = AppIcon;
				ASSETCATALOG_COMPILER_GLOBAL_ACCENT_COLOR_NAME = AccentColor;
				CODE_SIGN_STYLE = Automatic;
				CURRENT_PROJECT_VERSION = 1;
				DEVELOPMENT_TEAM = 92YDTRVDUA;
				GENERATE_INFOPLIST_FILE = YES;
				INFOPLIST_FILE = "/Users/junha/Desktop/GProject/CProject/CProject/Resource/Suppoting Files/Info.plist";
				INFOPLIST_KEY_UIApplicationSupportsIndirectInputEvents = YES;
				INFOPLIST_KEY_UILaunchStoryboardName = LaunchScreen;
				INFOPLIST_KEY_UIMainStoryboardFile = "";
				INFOPLIST_KEY_UISupportedInterfaceOrientations_iPad = "UIInterfaceOrientationPortrait UIInterfaceOrientationPortraitUpsideDown UIInterfaceOrientationLandscapeLeft UIInterfaceOrientationLandscapeRight";
				INFOPLIST_KEY_UISupportedInterfaceOrientations_iPhone = "UIInterfaceOrientationPortrait UIInterfaceOrientationLandscapeLeft UIInterfaceOrientationLandscapeRight";
				LD_RUNPATH_SEARCH_PATHS = (
					"$(inherited)",
					"@executable_path/Frameworks",
				);
				MARKETING_VERSION = 1.0;
				PRODUCT_BUNDLE_IDENTIFIER = com.CProject;
				PRODUCT_NAME = "$(TARGET_NAME)";
				SWIFT_EMIT_LOC_STRINGS = YES;
				SWIFT_VERSION = 5.0;
				TARGETED_DEVICE_FAMILY = "1,2";
			};
			name = Release;
		};
		0E6D5F9829BAB2F500B0AF99 /* Debug */ = {
			isa = XCBuildConfiguration;
			baseConfigurationReference = C50C5246BE130B42EE47640A /* Pods-CProjectTests.debug.xcconfig */;
			buildSettings = {
				ALWAYS_EMBED_SWIFT_STANDARD_LIBRARIES = YES;
				BUNDLE_LOADER = "$(TEST_HOST)";
				CODE_SIGN_STYLE = Automatic;
				CURRENT_PROJECT_VERSION = 1;
				DEVELOPMENT_TEAM = 92YDTRVDUA;
				GENERATE_INFOPLIST_FILE = YES;
				IPHONEOS_DEPLOYMENT_TARGET = 16.2;
				MARKETING_VERSION = 1.0;
				PRODUCT_BUNDLE_IDENTIFIER = com.CProjectTests;
				PRODUCT_NAME = "$(TARGET_NAME)";
				SWIFT_EMIT_LOC_STRINGS = NO;
				SWIFT_VERSION = 5.0;
				TARGETED_DEVICE_FAMILY = "1,2";
				TEST_HOST = "$(BUILT_PRODUCTS_DIR)/CProject.app/$(BUNDLE_EXECUTABLE_FOLDER_PATH)/CProject";
			};
			name = Debug;
		};
		0E6D5F9929BAB2F500B0AF99 /* Release */ = {
			isa = XCBuildConfiguration;
			baseConfigurationReference = 956CC8BCCE14141219DA16B2 /* Pods-CProjectTests.release.xcconfig */;
			buildSettings = {
				ALWAYS_EMBED_SWIFT_STANDARD_LIBRARIES = YES;
				BUNDLE_LOADER = "$(TEST_HOST)";
				CODE_SIGN_STYLE = Automatic;
				CURRENT_PROJECT_VERSION = 1;
				DEVELOPMENT_TEAM = 92YDTRVDUA;
				GENERATE_INFOPLIST_FILE = YES;
				IPHONEOS_DEPLOYMENT_TARGET = 16.2;
				MARKETING_VERSION = 1.0;
				PRODUCT_BUNDLE_IDENTIFIER = com.CProjectTests;
				PRODUCT_NAME = "$(TARGET_NAME)";
				SWIFT_EMIT_LOC_STRINGS = NO;
				SWIFT_VERSION = 5.0;
				TARGETED_DEVICE_FAMILY = "1,2";
				TEST_HOST = "$(BUILT_PRODUCTS_DIR)/CProject.app/$(BUNDLE_EXECUTABLE_FOLDER_PATH)/CProject";
			};
			name = Release;
		};
		0E6D5F9B29BAB2F500B0AF99 /* Debug */ = {
			isa = XCBuildConfiguration;
			baseConfigurationReference = C4C3341A4B39E2E69AF362F1 /* Pods-CProject-CProjectUITests.debug.xcconfig */;
			buildSettings = {
				ALWAYS_EMBED_SWIFT_STANDARD_LIBRARIES = YES;
				CODE_SIGN_STYLE = Automatic;
				CURRENT_PROJECT_VERSION = 1;
				DEVELOPMENT_TEAM = 92YDTRVDUA;
				GENERATE_INFOPLIST_FILE = YES;
				MARKETING_VERSION = 1.0;
				PRODUCT_BUNDLE_IDENTIFIER = com.CProjectUITests;
				PRODUCT_NAME = "$(TARGET_NAME)";
				SWIFT_EMIT_LOC_STRINGS = NO;
				SWIFT_VERSION = 5.0;
				TARGETED_DEVICE_FAMILY = "1,2";
				TEST_TARGET_NAME = CProject;
			};
			name = Debug;
		};
		0E6D5F9C29BAB2F500B0AF99 /* Release */ = {
			isa = XCBuildConfiguration;
			baseConfigurationReference = 131EB64AA60303C252C6EBED /* Pods-CProject-CProjectUITests.release.xcconfig */;
			buildSettings = {
				ALWAYS_EMBED_SWIFT_STANDARD_LIBRARIES = YES;
				CODE_SIGN_STYLE = Automatic;
				CURRENT_PROJECT_VERSION = 1;
				DEVELOPMENT_TEAM = 92YDTRVDUA;
				GENERATE_INFOPLIST_FILE = YES;
				MARKETING_VERSION = 1.0;
				PRODUCT_BUNDLE_IDENTIFIER = com.CProjectUITests;
				PRODUCT_NAME = "$(TARGET_NAME)";
				SWIFT_EMIT_LOC_STRINGS = NO;
				SWIFT_VERSION = 5.0;
				TARGETED_DEVICE_FAMILY = "1,2";
				TEST_TARGET_NAME = CProject;
			};
			name = Release;
		};
/* End XCBuildConfiguration section */

/* Begin XCConfigurationList section */
		0E6D5F6229BAB2F400B0AF99 /* Build configuration list for PBXProject "CProject" */ = {
			isa = XCConfigurationList;
			buildConfigurations = (
				0E6D5F9229BAB2F500B0AF99 /* Debug */,
				0E6D5F9329BAB2F500B0AF99 /* Release */,
			);
			defaultConfigurationIsVisible = 0;
			defaultConfigurationName = Release;
		};
		0E6D5F9429BAB2F500B0AF99 /* Build configuration list for PBXNativeTarget "CProject" */ = {
			isa = XCConfigurationList;
			buildConfigurations = (
				0E6D5F9529BAB2F500B0AF99 /* Debug */,
				0E6D5F9629BAB2F500B0AF99 /* Release */,
			);
			defaultConfigurationIsVisible = 0;
			defaultConfigurationName = Release;
		};
		0E6D5F9729BAB2F500B0AF99 /* Build configuration list for PBXNativeTarget "CProjectTests" */ = {
			isa = XCConfigurationList;
			buildConfigurations = (
				0E6D5F9829BAB2F500B0AF99 /* Debug */,
				0E6D5F9929BAB2F500B0AF99 /* Release */,
			);
			defaultConfigurationIsVisible = 0;
			defaultConfigurationName = Release;
		};
		0E6D5F9A29BAB2F500B0AF99 /* Build configuration list for PBXNativeTarget "CProjectUITests" */ = {
			isa = XCConfigurationList;
			buildConfigurations = (
				0E6D5F9B29BAB2F500B0AF99 /* Debug */,
				0E6D5F9C29BAB2F500B0AF99 /* Release */,
			);
			defaultConfigurationIsVisible = 0;
			defaultConfigurationName = Release;
		};
/* End XCConfigurationList section */

/* Begin XCVersionGroup section */
		0E6D5F7329BAB2F400B0AF99 /* CProject.xcdatamodeld */ = {
			isa = XCVersionGroup;
			children = (
				0E6D5F7429BAB2F400B0AF99 /* CProject.xcdatamodel */,
			);
			currentVersion = 0E6D5F7429BAB2F400B0AF99 /* CProject.xcdatamodel */;
			path = CProject.xcdatamodeld;
			sourceTree = "<group>";
			versionGroupType = wrapper.xcdatamodel;
		};
/* End XCVersionGroup section */
	};
	rootObject = 0E6D5F5F29BAB2F400B0AF99 /* Project object */;
}
